# generated by `dawn lock` -- the resolved [java-deps] closure, by bytes.
# `dawn lock --check` fails when a re-resolution disagrees with this file.
schema 1
coord io.get-coursier:interface:1.0.28
coord org.ow2.asm:asm:9.7.1
artifact 7592fe49c789b55429483185ac22ac6da43680a39c53b818c50bca0fb7dd6a78  interface-1.0.28.jar
artifact 8cadd43ac5eb6d09de05faecca38b917a040bb9139c7edeb4cc81c740b713281  asm-9.7.1.jar
artifact d3ef575e3e4979678dc01bf1dcce51021493b4d11fb7f1be8ad982877c16a1c0  slf4j-api-1.7.36.jar
